{
    "_readme": [
        "This file locks the dependencies of your project to a known state",
        "Read more about it at https://getcomposer.org/doc/01-basic-usage.md#composer-lock-the-lock-file",
        "This file is @generated automatically"
    ],
    "hash": "550c6b4069d1be843debe037f0ee753e",
    "packages": [
        {
            "name": "andrewsville/php-token-reflection",
            "version": "1.3.1",
            "source": {
                "type": "git",
                "url": "https://github.com/Andrewsville/PHP-Token-Reflection.git",
                "reference": "3e3a36de17f32889fd2d4b8108af16d3033ce9bf"
            },
            "dist": {
                "type": "zip",
                "url": "https://api.github.com/repos/Andrewsville/PHP-Token-Reflection/zipball/3e3a36de17f32889fd2d4b8108af16d3033ce9bf",
                "reference": "3e3a36de17f32889fd2d4b8108af16d3033ce9bf",
                "shasum": ""
            },
            "require": {
                "php": ">=5.3"
            },
            "type": "library",
            "autoload": {
                "psr-0": {
                    "TokenReflection": "./"
                }
            },
            "notification-url": "https://packagist.org/downloads/",
            "license": [
                "BSD-3"
            ],
            "authors": [
                {
                    "name": "Ondřej Nešpor",
                    "homepage": "https://github.com/andrewsville"
                },
                {
                    "name": "Jaroslav Hanslík",
                    "homepage": "https://github.com/kukulich"
                }
            ],
            "description": "Library emulating the PHP internal reflection using just the tokenized source code.",
            "homepage": "http://andrewsville.github.com/PHP-Token-Reflection/",
            "keywords": [
                "library",
                "reflection",
                "tokenizer"
            ],
            "time": "2012-08-25 21:26:44"
        },
        {
            "name": "kukulich/fshl",
            "version": "2.1.0",
            "source": {
                "type": "git",
                "url": "https://github.com/kukulich/fshl.git",
                "reference": "974c294ade5d76c0c16b6fe3fd3a584ba999b24f"
            },
            "dist": {
                "type": "zip",
                "url": "https://api.github.com/repos/kukulich/fshl/zipball/974c294ade5d76c0c16b6fe3fd3a584ba999b24f",
                "reference": "974c294ade5d76c0c16b6fe3fd3a584ba999b24f",
                "shasum": ""
            },
            "require": {
                "php": ">=5.3"
            },
            "type": "library",
            "autoload": {
                "psr-0": {
                    "FSHL": "./"
                }
            },
            "notification-url": "https://packagist.org/downloads/",
            "license": [
                "GPL-2.0+"
            ],
            "authors": [
                {
                    "name": "Jaroslav Hanslík",
                    "homepage": "https://github.com/kukulich"
                }
            ],
            "description": "FSHL is a free, open source, universal, fast syntax highlighter written in PHP.",
            "homepage": "http://fshl.kukulich.cz/",
            "keywords": [
                "highlight",
                "library",
                "syntax"
            ],
            "time": "2012-09-08 19:00:07"
        },
        {
            "name": "michelf/php-markdown",
            "version": "1.5.0",
            "source": {
                "type": "git",
                "url": "https://github.com/michelf/php-markdown.git",
                "reference": "e1aabe18173231ebcefc90e615565742fc1c7fd9"
            },
            "dist": {
                "type": "zip",
                "url": "https://api.github.com/repos/michelf/php-markdown/zipball/e1aabe18173231ebcefc90e615565742fc1c7fd9",
                "reference": "e1aabe18173231ebcefc90e615565742fc1c7fd9",
                "shasum": ""
            },
            "require": {
                "php": ">=5.3.0"
            },
            "type": "library",
            "extra": {
                "branch-alias": {
                    "dev-lib": "1.4.x-dev"
                }
            },
            "autoload": {
                "psr-0": {
                    "Michelf": ""
                }
            },
            "notification-url": "https://packagist.org/downloads/",
            "license": [
                "BSD-3-Clause"
            ],
            "authors": [
                {
                    "name": "John Gruber",
                    "homepage": "http://daringfireball.net/"
                },
                {
                    "name": "Michel Fortin",
                    "email": "michel.fortin@michelf.ca",
                    "homepage": "https://michelf.ca/",
                    "role": "Developer"
                }
            ],
            "description": "PHP Markdown",
            "homepage": "https://michelf.ca/projects/php-markdown/",
            "keywords": [
                "markdown"
            ],
            "time": "2015-03-01 12:03:08"
        },
        {
            "name": "netherphp/avenue",
            "version": "v1.0.0",
            "source": {
                "type": "git",
                "url": "https://github.com/netherphp/avenue.git",
                "reference": "6921774e71f1f81cc614626c0d3cda82eaff2861"
            },
            "dist": {
                "type": "zip",
                "url": "https://api.github.com/repos/netherphp/avenue/zipball/6921774e71f1f81cc614626c0d3cda82eaff2861",
                "reference": "6921774e71f1f81cc614626c0d3cda82eaff2861",
                "shasum": ""
            },
            "require": {
                "netherphp/object": "~1.0.0",
                "netherphp/option": "~1.0.0"
            },
            "require-dev": {
                "codeception/codeception": "~2.0.13",
                "codeception/verify": "~0.2.0"
            },
            "type": "library",
            "autoload": {
                "psr-0": {
                    "Nether\\": "src/"
                }
            },
            "notification-url": "https://packagist.org/downloads/",
            "license": [
                "BSD-2-Clause"
            ],
            "authors": [
                {
                    "name": "Bob Majdak Jr",
                    "email": "bob@nether.io",
                    "homepage": "http://nether.io",
                    "role": "developer"
                }
            ],
            "description": "A Request Router.",
            "keywords": [
                "php",
                "router"
            ],
            "time": "2015-05-05 19:43:29"
        },
        {
            "name": "netherphp/cache",
            "version": "dev-master",
            "source": {
                "type": "git",
                "url": "https://github.com/netherphp/cache.git",
                "reference": "8258dfe264d25d79936fa5c24db887fec2ad8f58"
            },
            "dist": {
                "type": "zip",
                "url": "https://api.github.com/repos/netherphp/cache/zipball/8a0bb222467f2fc6860a8ead136dc6e2de4f92df",
                "reference": "8258dfe264d25d79936fa5c24db887fec2ad8f58",
                "shasum": ""
            },
            "require": {
                "netherphp/object": "1.*",
                "netherphp/option": "1.*",
                "netherphp/stash": "dev-master",
                "php": ">=5.4.0"
            },
            "type": "library",
            "autoload": {
                "psr-0": {
                    "Nether\\": "src/"
                }
            },
            "notification-url": "https://packagist.org/downloads/",
            "license": [
                "BSD-2-Clause"
            ],
            "authors": [
                {
                    "name": "Bob Majdak Jr",
                    "email": "bob@majdak.net",
                    "homepage": "http://majdak.net",
                    "role": "developer"
                }
            ],
            "description": "A cache interface.",
            "keywords": [
                "cache",
                "nether",
                "php"
            ],
            "time": "2015-03-31 21:21:49"
        },
        {
            "name": "netherphp/database",
            "version": "v1.0.1",
            "source": {
                "type": "git",
                "url": "https://github.com/netherphp/database.git",
                "reference": "be9c9451d8056ea58b2f9b4039b424d3b23af479"
            },
            "dist": {
                "type": "zip",
                "url": "https://api.github.com/repos/netherphp/database/zipball/be9c9451d8056ea58b2f9b4039b424d3b23af479",
                "reference": "be9c9451d8056ea58b2f9b4039b424d3b23af479",
                "shasum": ""
            },
            "require": {
                "netherphp/object": "1.*",
                "netherphp/option": "1.*",
                "php": ">=5.4.0"
            },
            "type": "library",
            "autoload": {
                "psr-0": {
                    "Nether\\": "src/"
                }
            },
            "notification-url": "https://packagist.org/downloads/",
            "license": [
                "BSD-2-Clause"
            ],
            "authors": [
                {
                    "name": "Bob Majdak Jr",
                    "email": "bob@majdak.net",
                    "homepage": "http://majdak.net",
                    "role": "developer"
                }
            ],
            "description": "A database connection and query tool.",
            "keywords": [
                "database",
                "php"
            ],
            "time": "2015-03-09 05:29:50"
        },
        {
            "name": "netherphp/input",
            "version": "v1.0.0",
            "source": {
                "type": "git",
                "url": "https://github.com/netherphp/input.git",
                "reference": "a6da3f67c4e573e5569f3df07f69326ecf153036"
            },
            "dist": {
                "type": "zip",
                "url": "https://api.github.com/repos/netherphp/input/zipball/a6da3f67c4e573e5569f3df07f69326ecf153036",
                "reference": "a6da3f67c4e573e5569f3df07f69326ecf153036",
                "shasum": ""
            },
            "require": {
                "netherphp/object": "~1.0.0",
                "netherphp/option": "~1.0.0"
            },
            "require-dev": {
                "codeception/codeception": "~2.0.13",
                "codeception/verify": "~0.2.0"
            },
            "type": "library",
            "autoload": {
                "psr-0": {
                    "Nether\\": "src/"
                }
            },
            "notification-url": "https://packagist.org/downloads/",
            "license": [
                "BSD-2-Clause"
            ],
            "authors": [
                {
                    "name": "Bob Majdak Jr",
                    "email": "bob@nether.io",
                    "homepage": "http://nether.io",
                    "role": "developer"
                }
            ],
            "description": "Input Handling.",
            "keywords": [
                "filter",
                "input",
                "php",
                "sanitisation"
            ],
            "time": "2015-05-13 05:33:24"
        },
        {
            "name": "netherphp/ki",
            "version": "dev-master",
            "source": {
                "type": "git",
                "url": "https://github.com/netherphp/ki.git",
                "reference": "c9781ee6a342028bc0f76fc3846f33b1bb7c66d5"
            },
            "dist": {
                "type": "zip",
                "url": "https://api.github.com/repos/netherphp/ki/zipball/ac6bc7925d1cc232f12ce1ba2fb1c570b32b3f39",
                "reference": "c9781ee6a342028bc0f76fc3846f33b1bb7c66d5",
                "shasum": ""
            },
            "require": {
                "php": ">=5.4.0"
            },
            "type": "library",
            "autoload": {
                "psr-0": {
                    "Nether\\": "src/"
                }
            },
            "notification-url": "https://packagist.org/downloads/",
            "license": [
                "BSD-2-Clause"
            ],
            "authors": [
                {
                    "name": "Bob Majdak Jr",
                    "email": "bob@nether.io",
                    "homepage": "http://nether.io",
                    "role": "developer"
                }
            ],
            "description": "An event handler",
            "keywords": [
                "event",
                "php"
            ],
            "time": "2014-03-23 19:11:21"
        },
        {
            "name": "netherphp/object",
            "version": "v1.0.0",
            "source": {
                "type": "git",
                "url": "https://github.com/netherphp/object.git",
                "reference": "bfe4ca74c7ce4432c3046c21d4e9c10fb14fed4c"
            },
            "dist": {
                "type": "zip",
                "url": "https://api.github.com/repos/netherphp/object/zipball/bfe4ca74c7ce4432c3046c21d4e9c10fb14fed4c",
                "reference": "bfe4ca74c7ce4432c3046c21d4e9c10fb14fed4c",
                "shasum": ""
            },
            "require": {
                "php": ">=5.4.0"
            },
            "type": "library",
            "autoload": {
                "psr-0": {
                    "Nether\\": "src/"
                }
            },
            "notification-url": "https://packagist.org/downloads/",
            "license": [
                "BSD-2-Clause"
            ],
            "authors": [
                {
                    "name": "Bob Majdak Jr",
                    "email": "bob@majdak.net",
                    "homepage": "http://majdak.net",
                    "role": "developer"
                }
            ],
            "description": "A little object builder.",
            "keywords": [
                "object",
                "php"
            ],
            "time": "2014-12-31 23:59:13"
        },
        {
            "name": "netherphp/option",
            "version": "v1.0.0",
            "source": {
                "type": "git",
                "url": "https://github.com/netherphp/option.git",
                "reference": "ea38f8fdd80e8cb55605f44380de430b9c0d0c95"
            },
            "dist": {
                "type": "zip",
                "url": "https://api.github.com/repos/netherphp/option/zipball/ea38f8fdd80e8cb55605f44380de430b9c0d0c95",
                "reference": "ea38f8fdd80e8cb55605f44380de430b9c0d0c95",
                "shasum": ""
            },
            "require": {
                "php": ">=5.4.0"
            },
            "type": "library",
            "autoload": {
                "psr-0": {
                    "Nether\\": "src/"
                }
            },
            "notification-url": "https://packagist.org/downloads/",
            "license": [
                "BSD-2-Clause"
            ],
            "authors": [
                {
                    "name": "Bob Majdak Jr",
                    "email": "bob@majdak.net",
                    "homepage": "http://majdak.net",
                    "role": "developer"
                }
            ],
            "description": "A global settings manager",
            "keywords": [
                "options",
                "php"
            ],
            "time": "2014-03-22 17:46:59"
        },
        {
            "name": "netherphp/project",
            "version": "dev-master",
            "source": {
                "type": "git",
                "url": "https://github.com/netherphp/project.git",
                "reference": "92cf3889c1419ee7487c943464a24bc2b7f96028"
            },
            "dist": {
                "type": "zip",
                "url": "https://api.github.com/repos/netherphp/project/zipball/1ef76bbab68885c0f98f9c90f1c2204dae92c8c2",
                "reference": "92cf3889c1419ee7487c943464a24bc2b7f96028",
                "shasum": ""
            },
            "require": {
                "php": ">=5.4.0"
            },
            "suggest": {
                "netherphp/avenue": "Allows this to setup simple request routing/controllers for you.",
                "netherphp/surface": "Allows this to setup the theme engine with a simple default theme for you.",
                "netherphp/world": "Includes all the things real boot a full project in the Nether. If you require this you can ignore the other suggestions as they will be there."
            },
            "bin": [
                "bin/nether-realboot"
            ],
            "type": "library",
            "autoload": {
                "psr-0": {
                    "Nether\\": "src/"
                }
            },
            "notification-url": "https://packagist.org/downloads/",
            "license": [
                "BSD-2-Clause"
            ],
            "authors": [
                {
                    "name": "Bob Majdak Jr",
                    "email": "bob@nether.io",
                    "homepage": "http://nether.io",
                    "role": "developer"
                }
            ],
            "description": "Utilities (CLI) for project management.",
            "keywords": [
                "php",
                "project"
            ],
            "time": "2014-05-31 01:47:28"
        },
        {
            "name": "netherphp/senpai",
            "version": "dev-master",
            "source": {
                "type": "git",
                "url": "https://github.com/netherphp/senpai.git",
                "reference": "897410f194105ae44f8d6e35184a652fe42785bc"
            },
            "dist": {
                "type": "zip",
                "url": "https://api.github.com/repos/netherphp/senpai/zipball/4776acc1106dbb00f71f85811d71fe96862687a5",
                "reference": "897410f194105ae44f8d6e35184a652fe42785bc",
                "shasum": ""
            },
            "require": {
                "andrewsville/php-token-reflection": "1.3.*",
                "michelf/php-markdown": "1.*",
                "netherphp/surface": "dev-master",
                "php": ">=5.4.0"
            },
            "bin": [
                "bin/senpai"
            ],
            "type": "library",
            "autoload": {
                "psr-0": {
                    "Nether\\": "src/"
                }
            },
            "notification-url": "https://packagist.org/downloads/",
            "license": [
                "BSD-2-Clause"
            ],
            "authors": [
                {
                    "name": "Bob Majdak Jr",
                    "email": "bob@nether.io",
                    "homepage": "http://nether.io",
                    "role": "developer"
                }
            ],
            "description": "A documentation engine.",
            "keywords": [
                "documentation",
                "php"
            ],
            "time": "2014-06-05 19:36:24"
        },
        {
            "name": "netherphp/stash",
            "version": "dev-master",
            "source": {
                "type": "git",
                "url": "https://github.com/netherphp/stash.git",
                "reference": "7a8889430acd809fec2b09b339080cf83ff85d6d"
            },
            "dist": {
                "type": "zip",
                "url": "https://api.github.com/repos/netherphp/stash/zipball/882912a2c53735c930f4c7e8f508ebb23828cbbb",
                "reference": "7a8889430acd809fec2b09b339080cf83ff85d6d",
                "shasum": ""
            },
            "require": {
                "php": ">=5.4.0"
            },
            "type": "library",
            "autoload": {
                "psr-0": {
                    "Nether\\": "src/"
                }
            },
            "notification-url": "https://packagist.org/downloads/",
            "license": [
                "BSD-2-Clause"
            ],
            "authors": [
                {
                    "name": "Bob Majdak Jr",
                    "email": "bob@nether.io",
                    "homepage": "http://nether.io",
                    "role": "developer"
                }
            ],
            "description": "A global value manager.",
            "keywords": [
                "nether",
                "php",
                "stash"
            ],
            "time": "2014-03-23 17:55:23"
        },
        {
            "name": "netherphp/surface",
            "version": "dev-master",
            "source": {
                "type": "git",
                "url": "https://github.com/netherphp/surface.git",
                "reference": "b7df21465b2ff52951b9d249902d200ab36d59b5"
            },
            "dist": {
                "type": "zip",
                "url": "https://api.github.com/repos/netherphp/surface/zipball/e8209643b50ad36bda37c9854ae38a63c768623b",
                "reference": "b7df21465b2ff52951b9d249902d200ab36d59b5",
                "shasum": ""
            },
            "require": {
                "netherphp/ki": "dev-master",
                "netherphp/option": "1.*",
                "php": ">=5.4.0"
            },
            "type": "library",
            "autoload": {
                "psr-0": {
                    "Nether\\": "src/"
                }
            },
            "notification-url": "https://packagist.org/downloads/",
            "license": [
                "BSD-2-Clause"
            ],
            "authors": [
                {
                    "name": "Bob Majdak Jr",
                    "email": "bob@nether.io",
                    "homepage": "http://nether.io",
                    "role": "developer"
                }
            ],
            "description": "A template rendering system.",
            "keywords": [
                "php",
                "template"
            ],
            "time": "2015-03-04 04:06:01"
        },
        {
            "name": "netherphp/util",
            "version": "dev-master",
            "source": {
                "type": "git",
                "url": "https://github.com/netherphp/util.git",
                "reference": "45232351e15e79062346defeb61c0336faea3584"
            },
            "dist": {
                "type": "zip",
                "url": "https://api.github.com/repos/netherphp/util/zipball/45232351e15e79062346defeb61c0336faea3584",
                "reference": "45232351e15e79062346defeb61c0336faea3584",
                "shasum": ""
            },
            "require": {
                "php": ">=5.4.0"
            },
            "type": "library",
            "autoload": {
                "psr-0": {
                    "Nether\\": "src/"
                }
            },
            "notification-url": "https://packagist.org/downloads/",
            "license": [
                "BSD-2-Clause"
            ],
            "authors": [
                {
                    "name": "Bob Majdak Jr",
                    "email": "bob@nether.io",
                    "homepage": "http://nether.io",
                    "role": "developer"
                }
            ],
            "description": "A collection of various utilities.",
            "keywords": [
                "php",
                "util"
            ],
            "time": "2014-03-23 23:10:16"
        },
        {
            "name": "netherphp/world",
            "version": "dev-master",
            "source": {
                "type": "git",
                "url": "https://github.com/netherphp/world.git",
                "reference": "506539b9d0f64a464badc69a25fadc245dd13b6a"
            },
            "dist": {
                "type": "zip",
                "url": "https://api.github.com/repos/netherphp/world/zipball/041882ad410e1d388935861ddf47de251ea46dc1",
                "reference": "506539b9d0f64a464badc69a25fadc245dd13b6a",
                "shasum": ""
            },
            "require": {
                "netherphp/avenue": "~1.0.0",
                "netherphp/cache": "@dev",
                "netherphp/database": "~1.0.0",
                "netherphp/input": "~1.0.0",
                "netherphp/ki": "@dev",
                "netherphp/object": "~1.0.0",
                "netherphp/option": "~1.0.0",
                "netherphp/project": "@dev",
                "netherphp/senpai": "@dev",
                "netherphp/stash": "@dev",
                "netherphp/surface": "@dev",
                "netherphp/util": "@dev",
                "php": ">=5.4.0"
            },
            "type": "library",
            "notification-url": "https://packagist.org/downloads/",
            "license": [
                "BSD-2-Clause"
            ],
            "authors": [
                {
                    "name": "Bob Majdak Jr",
                    "email": "bob@nether.io",
                    "homepage": "http://nether.io",
                    "role": "developer"
                }
            ],
            "description": "A meta package to include all the things.",
            "keywords": [
                "nether",
                "php"
            ],
            "time": "2015-05-13 19:41:21"
        }
    ],
    "packages-dev": [],
    "aliases": [],
    "minimum-stability": "dev",
    "stability-flags": {
        "netherphp/world": 20
    },
    "prefer-stable": false,
    "prefer-lowest": false,
    "platform": [],
    "platform-dev": []
}
