{
    "_readme": [
        "This file locks the dependencies of your project to a known state",
        "Read more about it at https://getcomposer.org/doc/01-basic-usage.md#composer-lock-the-lock-file",
        "This file is @generated automatically"
    ],
    "hash": "fdba98e14193ba5df86d1f6ee3ccfd25",
    "packages": [
        {
            "name": "kukulich/fshl",
            "version": "2.1.0",
            "source": {
                "type": "git",
                "url": "https://github.com/kukulich/fshl.git",
                "reference": "974c294ade5d76c0c16b6fe3fd3a584ba999b24f"
            },
            "dist": {
                "type": "zip",
                "url": "https://api.github.com/repos/kukulich/fshl/zipball/974c294ade5d76c0c16b6fe3fd3a584ba999b24f",
                "reference": "974c294ade5d76c0c16b6fe3fd3a584ba999b24f",
                "shasum": ""
            },
            "require": {
                "php": ">=5.3"
            },
            "type": "library",
            "autoload": {
                "psr-0": {
                    "FSHL": "./"
                }
            },
            "notification-url": "https://packagist.org/downloads/",
            "license": [
                "GPL-2.0+"
            ],
            "authors": [
                {
                    "name": "Jaroslav Hanslík",
                    "homepage": "https://github.com/kukulich"
                }
            ],
            "description": "FSHL is a free, open source, universal, fast syntax highlighter written in PHP.",
            "homepage": "http://fshl.kukulich.cz/",
            "keywords": [
                "highlight",
                "library",
                "syntax"
            ],
            "time": "2012-09-08 19:00:07"
        },
        {
            "name": "netherjs/nui",
            "version": "v1.0.0",
            "source": {
                "type": "git",
                "url": "https://github.com/netherjs/nui.git",
                "reference": "c851d277c77fc968f87e46e13fe02c31563a12fb"
            },
            "dist": {
                "type": "zip",
                "url": "https://api.github.com/repos/netherjs/nui/zipball/c851d277c77fc968f87e46e13fe02c31563a12fb",
                "reference": "c851d277c77fc968f87e46e13fe02c31563a12fb",
                "shasum": ""
            },
            "require": {
                "netherphp/onescript": "^1.1.1"
            },
            "type": "library",
            "notification-url": "https://packagist.org/downloads/",
            "license": [
                "BSD-3-Clause"
            ],
            "authors": [
                {
                    "name": "Bob Majdak Jr",
                    "email": "bob@nether.io",
                    "homepage": "http://nether.io/nui",
                    "role": "developer"
                }
            ],
            "description": "A basic Get-It-Done Javascript UI toolkit",
            "keywords": [
                "JS",
                "ui"
            ],
            "time": "2015-07-20 03:10:00"
        },
        {
            "name": "netherphp/avenue",
            "version": "v1.0.1",
            "source": {
                "type": "git",
                "url": "https://github.com/netherphp/avenue.git",
                "reference": "9d37353686277a31cdbba57e0ccb28aa4cec0f32"
            },
            "dist": {
                "type": "zip",
                "url": "https://api.github.com/repos/netherphp/avenue/zipball/9d37353686277a31cdbba57e0ccb28aa4cec0f32",
                "reference": "9d37353686277a31cdbba57e0ccb28aa4cec0f32",
                "shasum": ""
            },
            "require": {
                "netherphp/object": "~1.0.0",
                "netherphp/option": "~1.0.0"
            },
            "require-dev": {
                "codeception/codeception": "~2.0.13",
                "codeception/verify": "~0.2.0"
            },
            "type": "library",
            "autoload": {
                "psr-0": {
                    "Nether\\": "src/"
                }
            },
            "notification-url": "https://packagist.org/downloads/",
            "license": [
                "BSD-2-Clause"
            ],
            "authors": [
                {
                    "name": "Bob Majdak Jr",
                    "email": "bob@nether.io",
                    "homepage": "http://nether.io",
                    "role": "developer"
                }
            ],
            "description": "A Request Router.",
            "keywords": [
                "php",
                "router"
            ],
            "time": "2015-05-21 02:45:24"
        },
        {
            "name": "netherphp/cache",
            "version": "v1.0.0",
            "source": {
                "type": "git",
                "url": "https://github.com/netherphp/cache.git",
                "reference": "8a0bb222467f2fc6860a8ead136dc6e2de4f92df"
            },
            "dist": {
                "type": "zip",
                "url": "https://api.github.com/repos/netherphp/cache/zipball/8a0bb222467f2fc6860a8ead136dc6e2de4f92df",
                "reference": "8a0bb222467f2fc6860a8ead136dc6e2de4f92df",
                "shasum": ""
            },
            "require": {
                "netherphp/object": "~1.0.0",
                "netherphp/option": "~1.0.0",
                "netherphp/stash": "~1.0.0",
                "php": ">=5.4.0"
            },
            "type": "library",
            "autoload": {
                "psr-0": {
                    "Nether\\": "src/"
                }
            },
            "notification-url": "https://packagist.org/downloads/",
            "license": [
                "BSD-2-Clause"
            ],
            "authors": [
                {
                    "name": "Bob Majdak Jr",
                    "email": "bob@majdak.net",
                    "homepage": "http://majdak.net",
                    "role": "developer"
                }
            ],
            "description": "A cache interface.",
            "keywords": [
                "cache",
                "nether",
                "php"
            ],
            "time": "2015-05-19 21:59:32"
        },
        {
            "name": "netherphp/console",
            "version": "v1.0.4",
            "source": {
                "type": "git",
                "url": "https://github.com/netherphp/console.git",
                "reference": "85ed9eb658ac2fab1fe7c8f0f8372585af6e952c"
            },
            "dist": {
                "type": "zip",
                "url": "https://api.github.com/repos/netherphp/console/zipball/85ed9eb658ac2fab1fe7c8f0f8372585af6e952c",
                "reference": "85ed9eb658ac2fab1fe7c8f0f8372585af6e952c",
                "shasum": ""
            },
            "require": {
                "netherphp/object": "~1.0.0"
            },
            "type": "library",
            "autoload": {
                "psr-0": {
                    "Nether\\": "src/"
                }
            },
            "notification-url": "https://packagist.org/downloads/",
            "license": [
                "BSD-3-Clause"
            ],
            "authors": [
                {
                    "name": "Bob Majdak Jr",
                    "email": "bob@nether.io",
                    "homepage": "http://nether.io",
                    "role": "developer"
                }
            ],
            "description": "A CLI Parser",
            "keywords": [
                "cli",
                "console",
                "php"
            ],
            "time": "2015-07-24 17:29:56"
        },
        {
            "name": "netherphp/database",
            "version": "v1.0.2",
            "source": {
                "type": "git",
                "url": "https://github.com/netherphp/database.git",
                "reference": "ace3146f2ac44b92da2f2cd262a61cf9a323384c"
            },
            "dist": {
                "type": "zip",
                "url": "https://api.github.com/repos/netherphp/database/zipball/ace3146f2ac44b92da2f2cd262a61cf9a323384c",
                "reference": "ace3146f2ac44b92da2f2cd262a61cf9a323384c",
                "shasum": ""
            },
            "require": {
                "netherphp/object": "1.*",
                "netherphp/option": "1.*",
                "php": ">=5.4.0"
            },
            "type": "library",
            "autoload": {
                "psr-0": {
                    "Nether\\": "src/"
                }
            },
            "notification-url": "https://packagist.org/downloads/",
            "license": [
                "BSD-2-Clause"
            ],
            "authors": [
                {
                    "name": "Bob Majdak Jr",
                    "email": "bob@majdak.net",
                    "homepage": "http://majdak.net",
                    "role": "developer"
                }
            ],
            "description": "A database connection and query tool.",
            "keywords": [
                "database",
                "php"
            ],
            "time": "2015-05-21 20:20:24"
        },
        {
            "name": "netherphp/input",
            "version": "v1.0.2",
            "source": {
                "type": "git",
                "url": "https://github.com/netherphp/input.git",
                "reference": "4bea679011b1dffdb2056b075ba4c9763e5aabea"
            },
            "dist": {
                "type": "zip",
                "url": "https://api.github.com/repos/netherphp/input/zipball/4bea679011b1dffdb2056b075ba4c9763e5aabea",
                "reference": "4bea679011b1dffdb2056b075ba4c9763e5aabea",
                "shasum": ""
            },
            "require": {
                "netherphp/object": "~1.0.0",
                "netherphp/option": "~1.0.0"
            },
            "require-dev": {
                "codeception/codeception": "~2.0.13",
                "codeception/verify": "~0.2.0"
            },
            "type": "library",
            "autoload": {
                "psr-0": {
                    "Nether\\": "src/"
                }
            },
            "notification-url": "https://packagist.org/downloads/",
            "license": [
                "BSD-2-Clause"
            ],
            "authors": [
                {
                    "name": "Bob Majdak Jr",
                    "email": "bob@nether.io",
                    "homepage": "http://nether.io",
                    "role": "developer"
                }
            ],
            "description": "Input Handling.",
            "keywords": [
                "filter",
                "input",
                "php",
                "sanitisation"
            ],
            "time": "2015-05-27 00:07:04"
        },
        {
            "name": "netherphp/ki",
            "version": "v1.0.0",
            "source": {
                "type": "git",
                "url": "https://github.com/netherphp/ki.git",
                "reference": "ac6bc7925d1cc232f12ce1ba2fb1c570b32b3f39"
            },
            "dist": {
                "type": "zip",
                "url": "https://api.github.com/repos/netherphp/ki/zipball/ac6bc7925d1cc232f12ce1ba2fb1c570b32b3f39",
                "reference": "ac6bc7925d1cc232f12ce1ba2fb1c570b32b3f39",
                "shasum": ""
            },
            "require": {
                "php": ">=5.4.0"
            },
            "type": "library",
            "autoload": {
                "psr-0": {
                    "Nether\\": "src/"
                }
            },
            "notification-url": "https://packagist.org/downloads/",
            "license": [
                "BSD-2-Clause"
            ],
            "authors": [
                {
                    "name": "Bob Majdak Jr",
                    "email": "bob@nether.io",
                    "homepage": "http://nether.io",
                    "role": "developer"
                }
            ],
            "description": "An event handler",
            "keywords": [
                "event",
                "php"
            ],
            "time": "2015-05-18 00:13:43"
        },
        {
            "name": "netherphp/object",
            "version": "v1.0.0",
            "source": {
                "type": "git",
                "url": "https://github.com/netherphp/object.git",
                "reference": "bfe4ca74c7ce4432c3046c21d4e9c10fb14fed4c"
            },
            "dist": {
                "type": "zip",
                "url": "https://api.github.com/repos/netherphp/object/zipball/bfe4ca74c7ce4432c3046c21d4e9c10fb14fed4c",
                "reference": "bfe4ca74c7ce4432c3046c21d4e9c10fb14fed4c",
                "shasum": ""
            },
            "require": {
                "php": ">=5.4.0"
            },
            "type": "library",
            "autoload": {
                "psr-0": {
                    "Nether\\": "src/"
                }
            },
            "notification-url": "https://packagist.org/downloads/",
            "license": [
                "BSD-2-Clause"
            ],
            "authors": [
                {
                    "name": "Bob Majdak Jr",
                    "email": "bob@majdak.net",
                    "homepage": "http://majdak.net",
                    "role": "developer"
                }
            ],
            "description": "A little object builder.",
            "keywords": [
                "object",
                "php"
            ],
            "time": "2014-12-31 23:59:13"
        },
        {
            "name": "netherphp/onescript",
            "version": "v1.1.4",
            "source": {
                "type": "git",
                "url": "https://github.com/netherphp/onescript.git",
                "reference": "d99e1b275f982d57061d3a24dd4fc5cda0b8db2c"
            },
            "dist": {
                "type": "zip",
                "url": "https://api.github.com/repos/netherphp/onescript/zipball/d99e1b275f982d57061d3a24dd4fc5cda0b8db2c",
                "reference": "d99e1b275f982d57061d3a24dd4fc5cda0b8db2c",
                "shasum": ""
            },
            "require": {
                "netherphp/console": "^1.0.1",
                "netherphp/object": "^1.0.0"
            },
            "require-dev": {
                "codeception/codeception": "~2.0.13",
                "codeception/verify": "~0.2.0"
            },
            "bin": [
                "bin/nether-onescript"
            ],
            "type": "library",
            "autoload": {
                "psr-0": {
                    "Nether\\": "src/"
                }
            },
            "notification-url": "https://packagist.org/downloads/",
            "license": [
                "BSD-3-Clause"
            ],
            "authors": [
                {
                    "name": "Bob Majdak Jr",
                    "email": "bob@nether.io",
                    "homepage": "http://nether.io",
                    "role": "developer"
                }
            ],
            "description": "A silly Javascript Compiler.",
            "keywords": [
                "compiler",
                "javascript",
                "php"
            ],
            "time": "2015-07-29 00:11:54"
        },
        {
            "name": "netherphp/option",
            "version": "v1.0.0",
            "source": {
                "type": "git",
                "url": "https://github.com/netherphp/option.git",
                "reference": "ea38f8fdd80e8cb55605f44380de430b9c0d0c95"
            },
            "dist": {
                "type": "zip",
                "url": "https://api.github.com/repos/netherphp/option/zipball/ea38f8fdd80e8cb55605f44380de430b9c0d0c95",
                "reference": "ea38f8fdd80e8cb55605f44380de430b9c0d0c95",
                "shasum": ""
            },
            "require": {
                "php": ">=5.4.0"
            },
            "type": "library",
            "autoload": {
                "psr-0": {
                    "Nether\\": "src/"
                }
            },
            "notification-url": "https://packagist.org/downloads/",
            "license": [
                "BSD-2-Clause"
            ],
            "authors": [
                {
                    "name": "Bob Majdak Jr",
                    "email": "bob@majdak.net",
                    "homepage": "http://majdak.net",
                    "role": "developer"
                }
            ],
            "description": "A global settings manager",
            "keywords": [
                "options",
                "php"
            ],
            "time": "2014-03-22 17:46:59"
        },
        {
            "name": "netherphp/project",
            "version": "v1.0.0",
            "source": {
                "type": "git",
                "url": "https://github.com/netherphp/project.git",
                "reference": "4122f9c43a55a06befd16c6b1f153d53df26248d"
            },
            "dist": {
                "type": "zip",
                "url": "https://api.github.com/repos/netherphp/project/zipball/4122f9c43a55a06befd16c6b1f153d53df26248d",
                "reference": "4122f9c43a55a06befd16c6b1f153d53df26248d",
                "shasum": ""
            },
            "require": {
                "php": ">=5.4.0"
            },
            "bin": [
                "bin/nether-realboot"
            ],
            "type": "library",
            "autoload": {
                "psr-0": {
                    "Nether\\": "src/"
                }
            },
            "notification-url": "https://packagist.org/downloads/",
            "license": [
                "BSD-3-Clause"
            ],
            "authors": [
                {
                    "name": "Bob Majdak Jr",
                    "email": "bob@nether.io",
                    "homepage": "http://nether.io",
                    "role": "developer"
                }
            ],
            "description": "Utilities (CLI) for project management.",
            "keywords": [
                "php",
                "project"
            ],
            "time": "2015-05-16 02:48:39"
        },
        {
            "name": "netherphp/stash",
            "version": "v1.0.0",
            "source": {
                "type": "git",
                "url": "https://github.com/netherphp/stash.git",
                "reference": "882912a2c53735c930f4c7e8f508ebb23828cbbb"
            },
            "dist": {
                "type": "zip",
                "url": "https://api.github.com/repos/netherphp/stash/zipball/882912a2c53735c930f4c7e8f508ebb23828cbbb",
                "reference": "882912a2c53735c930f4c7e8f508ebb23828cbbb",
                "shasum": ""
            },
            "require": {
                "php": ">=5.4.0"
            },
            "type": "library",
            "autoload": {
                "psr-0": {
                    "Nether\\": "src/"
                }
            },
            "notification-url": "https://packagist.org/downloads/",
            "license": [
                "BSD-2-Clause"
            ],
            "authors": [
                {
                    "name": "Bob Majdak Jr",
                    "email": "bob@nether.io",
                    "homepage": "http://nether.io",
                    "role": "developer"
                }
            ],
            "description": "A global value manager.",
            "keywords": [
                "nether",
                "php",
                "stash"
            ],
            "time": "2015-05-18 00:41:04"
        },
        {
            "name": "netherphp/surface",
            "version": "v1.1.0",
            "source": {
                "type": "git",
                "url": "https://github.com/netherphp/surface.git",
                "reference": "c7149bdaa87fa3ed5e72b0c0ba6e691a0f6156b2"
            },
            "dist": {
                "type": "zip",
                "url": "https://api.github.com/repos/netherphp/surface/zipball/c7149bdaa87fa3ed5e72b0c0ba6e691a0f6156b2",
                "reference": "c7149bdaa87fa3ed5e72b0c0ba6e691a0f6156b2",
                "shasum": ""
            },
            "require": {
                "netherphp/ki": "^1.0.0",
                "netherphp/object": "^1.0.0",
                "netherphp/option": "^1.0.0",
                "netherphp/stash": "^1.0.0",
                "php": ">=5.4.0"
            },
            "type": "library",
            "autoload": {
                "psr-0": {
                    "Nether\\": "src/"
                }
            },
            "notification-url": "https://packagist.org/downloads/",
            "license": [
                "BSD-3-Clause"
            ],
            "authors": [
                {
                    "name": "Bob Majdak Jr",
                    "email": "bob@nether.io",
                    "homepage": "http://nether.io",
                    "role": "developer"
                }
            ],
            "description": "A template rendering system.",
            "keywords": [
                "php",
                "template"
            ],
            "time": "2015-07-30 21:05:07"
        },
        {
            "name": "netherphp/world",
            "version": "dev-master",
            "source": {
                "type": "git",
                "url": "https://github.com/netherphp/world.git",
                "reference": "a5b54c998b2bf63fb0750ff75146f6fab192588e"
            },
            "dist": {
                "type": "zip",
                "url": "https://api.github.com/repos/netherphp/world/zipball/a5b54c998b2bf63fb0750ff75146f6fab192588e",
                "reference": "a5b54c998b2bf63fb0750ff75146f6fab192588e",
                "shasum": ""
            },
            "require": {
                "netherphp/avenue": "^1.0.0",
                "netherphp/cache": "^1.0.0",
                "netherphp/console": "^1.0.0",
                "netherphp/database": "^1.0.0",
                "netherphp/input": "^1.0.0",
                "netherphp/ki": "^1.0.0",
                "netherphp/object": "^1.0.0",
                "netherphp/onescript": "^1.1.0",
                "netherphp/option": "^1.0.0",
                "netherphp/project": "^1.0.0",
                "netherphp/stash": "^1.0.0",
                "netherphp/surface": "^1.1.0",
                "php": ">=5.4.0"
            },
            "type": "library",
            "notification-url": "https://packagist.org/downloads/",
            "license": [
                "BSD-2-Clause"
            ],
            "authors": [
                {
                    "name": "Bob Majdak Jr",
                    "email": "bob@nether.io",
                    "homepage": "http://nether.io",
                    "role": "developer"
                }
            ],
            "description": "A meta package to include all the things.",
            "keywords": [
                "framework",
                "nether",
                "php",
                "pony"
            ],
            "time": "2015-07-30 21:41:29"
        }
    ],
    "packages-dev": [],
    "aliases": [],
    "minimum-stability": "dev",
    "stability-flags": {
        "netherphp/world": 20
    },
    "prefer-stable": false,
    "prefer-lowest": false,
    "platform": [],
    "platform-dev": []
}
